
Microsoft Visual Studio Solution File, Format Version 12.00
# Visual Studio Version 16
VisualStudioVersion = 16.0.29920.165
MinimumVisualStudioVersion = 10.0.40219.1
Project("{FAE04EC0-301F-11D3-BF4B-00C04F79EFBC}") = "CG_Lab_2", "CG_Lab_2\CG_Lab_2.csproj", "{EB77476A-1139-4FF3-BCDA-4E292268CB6E}"
EndProject
Global
	GlobalSection(SolutionConfigurationPlatforms) = preSolution
		Debug|Any CPU = Debug|Any CPU
		Release|Any CPU = Release|Any CPU
	EndGlobalSection
	GlobalSection(ProjectConfigurationPlatforms) = postSolution
		{EB77476A-1139-4FF3-BCDA-4E292268CB6E}.Debug|Any CPU.ActiveCfg = Debug|Any CPU
		{EB77476A-1139-4FF3-BCDA-4E292268CB6E}.Debug|Any CPU.Build.0 = Debug|Any CPU
		{EB77476A-1139-4FF3-BCDA-4E292268CB6E}.Release|Any CPU.ActiveCfg = Release|Any CPU
		{EB77476A-1139-4FF3-BCDA-4E292268CB6E}.Release|Any CPU.Build.0 = Release|Any CPU
	EndGlobalSection
	GlobalSection(SolutionProperties) = preSolution
		HideSolutionNode = FALSE
	EndGlobalSection
	GlobalSection(ExtensibilityGlobals) = postSolution
		SolutionGuid = {709C1872-B6A8-4B00-95CB-A39C833EE010}
	EndGlobalSection
EndGlobal
